// !$*UTF8*$!
{
	archiveVersion = 1;
	classes = {
	};
	objectVersion = 46;
	objects = {

/* Begin PBXBuildFile section */
		5A116B581734545700DB0DE6 /* critic.c in Sources */ = {isa = PBXBuildFile; fileRef = 5A116B561734545700DB0DE6 /* critic.c */; };
		5A116B591734545B00DB0DE6 /* critic.c in Sources */ = {isa = PBXBuildFile; fileRef = 5A116B561734545700DB0DE6 /* critic.c */; };
		5A1FF043186A16D3002544C0 /* lyx.c in Sources */ = {isa = PBXBuildFile; fileRef = 5A1FF041186A16D3002544C0 /* lyx.c */; };
		5A1FF044186A16D3002544C0 /* lyx.c in Sources */ = {isa = PBXBuildFile; fileRef = 5A1FF041186A16D3002544C0 /* lyx.c */; };
		5A1FF045186A16D3002544C0 /* lyx.h in Headers */ = {isa = PBXBuildFile; fileRef = 5A1FF042186A16D3002544C0 /* lyx.h */; };
		5A1FF048186A1724002544C0 /* lyxbeamer.c in Sources */ = {isa = PBXBuildFile; fileRef = 5A1FF046186A1724002544C0 /* lyxbeamer.c */; };
		5A1FF049186A1724002544C0 /* lyxbeamer.c in Sources */ = {isa = PBXBuildFile; fileRef = 5A1FF046186A1724002544C0 /* lyxbeamer.c */; };
		5A1FF04A186A1724002544C0 /* lyxbeamer.h in Headers */ = {isa = PBXBuildFile; fileRef = 5A1FF047186A1724002544C0 /* lyxbeamer.h */; };
		5A50A7571ADDFE600069AFD5 /* toc.c in Sources */ = {isa = PBXBuildFile; fileRef = 5A50A7551ADDFE600069AFD5 /* toc.c */; };
		5A50A7581ADDFE600069AFD5 /* toc.c in Sources */ = {isa = PBXBuildFile; fileRef = 5A50A7551ADDFE600069AFD5 /* toc.c */; };
		5A50A7591ADDFE600069AFD5 /* toc.h in Headers */ = {isa = PBXBuildFile; fileRef = 5A50A7561ADDFE600069AFD5 /* toc.h */; };
		5A56E585186CE833004089C0 /* transclude.c in Sources */ = {isa = PBXBuildFile; fileRef = 5A56E583186CE833004089C0 /* transclude.c */; };
		5A56E586186CE833004089C0 /* transclude.c in Sources */ = {isa = PBXBuildFile; fileRef = 5A56E583186CE833004089C0 /* transclude.c */; };
		5A56E587186CE833004089C0 /* transclude.h in Headers */ = {isa = PBXBuildFile; fileRef = 5A56E584186CE833004089C0 /* transclude.h */; };
		5A60F8B4172BFE4700EFBF5B /* parse_utilities.c in Sources */ = {isa = PBXBuildFile; fileRef = 5AD6CB0C1718CB560085E51D /* parse_utilities.c */; };
		5A60F8DB172C07E200EFBF5B /* GLibFacade.c in Sources */ = {isa = PBXBuildFile; fileRef = 5AD6CB0A1718CB560085E51D /* GLibFacade.c */; };
		5A60F8DC172C07E200EFBF5B /* parse_utilities.c in Sources */ = {isa = PBXBuildFile; fileRef = 5AD6CB0C1718CB560085E51D /* parse_utilities.c */; };
		5A60F8DD172C07E200EFBF5B /* text.c in Sources */ = {isa = PBXBuildFile; fileRef = 5A1D85901719B95900C6ADD3 /* text.c */; };
		5A60F8DE172C07E200EFBF5B /* writer.c in Sources */ = {isa = PBXBuildFile; fileRef = 5A1D85921719B95900C6ADD3 /* writer.c */; };
		5A60F8DF172C07E200EFBF5B /* html.c in Sources */ = {isa = PBXBuildFile; fileRef = 5A1D85961719BDC700C6ADD3 /* html.c */; };
		5A60F8E0172C07E200EFBF5B /* beamer.c in Sources */ = {isa = PBXBuildFile; fileRef = 5A2534ED172768A8003D1A91 /* beamer.c */; };
		5A60F8E1172C07E200EFBF5B /* latex.c in Sources */ = {isa = PBXBuildFile; fileRef = 5A2534EF172768A8003D1A91 /* latex.c */; };
		5A60F8E2172C07E200EFBF5B /* memoir.c in Sources */ = {isa = PBXBuildFile; fileRef = 5A2534F1172768A8003D1A91 /* memoir.c */; };
		5A60F8E3172C07E200EFBF5B /* odf.c in Sources */ = {isa = PBXBuildFile; fileRef = 5A89852C17297DFB00D1D72D /* odf.c */; };
		5A60F8E4172C07E200EFBF5B /* opml.c in Sources */ = {isa = PBXBuildFile; fileRef = 5A2534F3172768A8003D1A91 /* opml.c */; };
		5A60F8E5172C07E200EFBF5B /* parser.c in Sources */ = {isa = PBXBuildFile; fileRef = 5AD6CB211718CCD90085E51D /* parser.c */; };
		5ABBCFCB18442416005F519F /* rng.c in Sources */ = {isa = PBXBuildFile; fileRef = 5ABBCFCA18442416005F519F /* rng.c */; };
		5ABBCFCC18442416005F519F /* rng.c in Sources */ = {isa = PBXBuildFile; fileRef = 5ABBCFCA18442416005F519F /* rng.c */; };
		5AE0694418515D1300DFFF33 /* rtf.c in Sources */ = {isa = PBXBuildFile; fileRef = 5AE0694318515D1300DFFF33 /* rtf.c */; };
		5AE0694518515D1300DFFF33 /* rtf.c in Sources */ = {isa = PBXBuildFile; fileRef = 5AE0694318515D1300DFFF33 /* rtf.c */; };
		5AE4484C1769F0EA0055DD27 /* multimarkdown.c in Sources */ = {isa = PBXBuildFile; fileRef = 5AE4484B1769F0EA0055DD27 /* multimarkdown.c */; };
		5AE59DB5172A14D600401A65 /* GLibFacade.c in Sources */ = {isa = PBXBuildFile; fileRef = 5AD6CB0A1718CB560085E51D /* GLibFacade.c */; };
		5AE59DB7172A14D600401A65 /* parser.c in Sources */ = {isa = PBXBuildFile; fileRef = 5AD6CB211718CCD90085E51D /* parser.c */; };
		5AE59DB8172A14D600401A65 /* text.c in Sources */ = {isa = PBXBuildFile; fileRef = 5A1D85901719B95900C6ADD3 /* text.c */; };
		5AE59DB9172A14D600401A65 /* writer.c in Sources */ = {isa = PBXBuildFile; fileRef = 5A1D85921719B95900C6ADD3 /* writer.c */; };
		5AE59DBA172A14D600401A65 /* html.c in Sources */ = {isa = PBXBuildFile; fileRef = 5A1D85961719BDC700C6ADD3 /* html.c */; };
		5AE59DBB172A14D600401A65 /* beamer.c in Sources */ = {isa = PBXBuildFile; fileRef = 5A2534ED172768A8003D1A91 /* beamer.c */; };
		5AE59DBC172A14D600401A65 /* latex.c in Sources */ = {isa = PBXBuildFile; fileRef = 5A2534EF172768A8003D1A91 /* latex.c */; };
		5AE59DBD172A14D600401A65 /* memoir.c in Sources */ = {isa = PBXBuildFile; fileRef = 5A2534F1172768A8003D1A91 /* memoir.c */; };
		5AE59DBE172A14D600401A65 /* opml.c in Sources */ = {isa = PBXBuildFile; fileRef = 5A2534F3172768A8003D1A91 /* opml.c */; };
		5AE59DBF172A14D600401A65 /* odf.c in Sources */ = {isa = PBXBuildFile; fileRef = 5A89852C17297DFB00D1D72D /* odf.c */; };
/* End PBXBuildFile section */

/* Begin PBXContainerItemProxy section */
		5A60F93B172D80D800EFBF5B /* PBXContainerItemProxy */ = {
			isa = PBXContainerItemProxy;
			containerPortal = 5AD6CB031718CA910085E51D /* Project object */;
			proxyType = 1;
			remoteGlobalIDString = 5A60F937172D80BC00EFBF5B;
			remoteInfo = greg;
		};
		5A60F93D172D80DF00EFBF5B /* PBXContainerItemProxy */ = {
			isa = PBXContainerItemProxy;
			containerPortal = 5AD6CB031718CA910085E51D /* Project object */;
			proxyType = 1;
			remoteGlobalIDString = 5A60F937172D80BC00EFBF5B;
			remoteInfo = greg;
		};
/* End PBXContainerItemProxy section */

/* Begin PBXCopyFilesBuildPhase section */
		5AE59DC1172A14D600401A65 /* CopyFiles */ = {
			isa = PBXCopyFilesBuildPhase;
			buildActionMask = 2147483647;
			dstPath = /usr/share/man/man1/;
			dstSubfolderSpec = 0;
			files = (
			);
			runOnlyForDeploymentPostprocessing = 1;
		};
/* End PBXCopyFilesBuildPhase section */

/* Begin PBXFileReference section */
		5A116B561734545700DB0DE6 /* critic.c */ = {isa = PBXFileReference; fileEncoding = 4; lastKnownFileType = sourcecode.c.c; path = critic.c; sourceTree = "<group>"; };
		5A116B571734545700DB0DE6 /* critic.h */ = {isa = PBXFileReference; fileEncoding = 4; lastKnownFileType = sourcecode.c.h; path = critic.h; sourceTree = "<group>"; };
		5A1D85901719B95900C6ADD3 /* text.c */ = {isa = PBXFileReference; fileEncoding = 4; lastKnownFileType = sourcecode.c.c; path = text.c; sourceTree = "<group>"; };
		5A1D85911719B95900C6ADD3 /* text.h */ = {isa = PBXFileReference; fileEncoding = 4; lastKnownFileType = sourcecode.c.h; path = text.h; sourceTree = "<group>"; };
		5A1D85921719B95900C6ADD3 /* writer.c */ = {isa = PBXFileReference; fileEncoding = 4; lastKnownFileType = sourcecode.c.c; path = writer.c; sourceTree = "<group>"; };
		5A1D85931719B95900C6ADD3 /* writer.h */ = {isa = PBXFileReference; fileEncoding = 4; lastKnownFileType = sourcecode.c.h; path = writer.h; sourceTree = "<group>"; };
		5A1D85961719BDC700C6ADD3 /* html.c */ = {isa = PBXFileReference; fileEncoding = 4; lastKnownFileType = sourcecode.c.c; path = html.c; sourceTree = "<group>"; };
		5A1D85971719BDC700C6ADD3 /* html.h */ = {isa = PBXFileReference; fileEncoding = 4; lastKnownFileType = sourcecode.c.h; path = html.h; sourceTree = "<group>"; };
		5A1FF041186A16D3002544C0 /* lyx.c */ = {isa = PBXFileReference; fileEncoding = 4; lastKnownFileType = sourcecode.c.c; path = lyx.c; sourceTree = "<group>"; };
		5A1FF042186A16D3002544C0 /* lyx.h */ = {isa = PBXFileReference; fileEncoding = 4; lastKnownFileType = sourcecode.c.h; path = lyx.h; sourceTree = "<group>"; };
		5A1FF046186A1724002544C0 /* lyxbeamer.c */ = {isa = PBXFileReference; fileEncoding = 4; lastKnownFileType = sourcecode.c.c; path = lyxbeamer.c; sourceTree = "<group>"; };
		5A1FF047186A1724002544C0 /* lyxbeamer.h */ = {isa = PBXFileReference; fileEncoding = 4; lastKnownFileType = sourcecode.c.h; path = lyxbeamer.h; sourceTree = "<group>"; };
		5A2534ED172768A8003D1A91 /* beamer.c */ = {isa = PBXFileReference; fileEncoding = 4; lastKnownFileType = sourcecode.c.c; path = beamer.c; sourceTree = "<group>"; };
		5A2534EE172768A8003D1A91 /* beamer.h */ = {isa = PBXFileReference; fileEncoding = 4; lastKnownFileType = sourcecode.c.h; path = beamer.h; sourceTree = "<group>"; };
		5A2534EF172768A8003D1A91 /* latex.c */ = {isa = PBXFileReference; fileEncoding = 4; lastKnownFileType = sourcecode.c.c; path = latex.c; sourceTree = "<group>"; };
		5A2534F0172768A8003D1A91 /* latex.h */ = {isa = PBXFileReference; fileEncoding = 4; lastKnownFileType = sourcecode.c.h; path = latex.h; sourceTree = "<group>"; };
		5A2534F1172768A8003D1A91 /* memoir.c */ = {isa = PBXFileReference; fileEncoding = 4; lastKnownFileType = sourcecode.c.c; path = memoir.c; sourceTree = "<group>"; };
		5A2534F2172768A8003D1A91 /* memoir.h */ = {isa = PBXFileReference; fileEncoding = 4; lastKnownFileType = sourcecode.c.h; path = memoir.h; sourceTree = "<group>"; };
		5A2534F3172768A8003D1A91 /* opml.c */ = {isa = PBXFileReference; fileEncoding = 4; lastKnownFileType = sourcecode.c.c; path = opml.c; sourceTree = "<group>"; };
		5A2534F4172768A8003D1A91 /* opml.h */ = {isa = PBXFileReference; fileEncoding = 4; lastKnownFileType = sourcecode.c.h; path = opml.h; sourceTree = "<group>"; };
		5A50A7551ADDFE600069AFD5 /* toc.c */ = {isa = PBXFileReference; fileEncoding = 4; lastKnownFileType = sourcecode.c.c; path = toc.c; sourceTree = "<group>"; };
		5A50A7561ADDFE600069AFD5 /* toc.h */ = {isa = PBXFileReference; fileEncoding = 4; lastKnownFileType = sourcecode.c.h; path = toc.h; sourceTree = "<group>"; };
		5A56E583186CE833004089C0 /* transclude.c */ = {isa = PBXFileReference; fileEncoding = 4; lastKnownFileType = sourcecode.c.c; path = transclude.c; sourceTree = "<group>"; };
		5A56E584186CE833004089C0 /* transclude.h */ = {isa = PBXFileReference; fileEncoding = 4; lastKnownFileType = sourcecode.c.h; path = transclude.h; sourceTree = "<group>"; };
		5A60F8D7172C07D100EFBF5B /* libMultiMarkdown.a */ = {isa = PBXFileReference; explicitFileType = archive.ar; includeInIndex = 0; path = libMultiMarkdown.a; sourceTree = BUILT_PRODUCTS_DIR; };
		5A60F8FF172C099100EFBF5B /* libMultiMarkdown.h */ = {isa = PBXFileReference; fileEncoding = 4; lastKnownFileType = sourcecode.c.h; path = libMultiMarkdown.h; sourceTree = "<group>"; };
		5A89852C17297DFB00D1D72D /* odf.c */ = {isa = PBXFileReference; fileEncoding = 4; lastKnownFileType = sourcecode.c.c; path = odf.c; sourceTree = "<group>"; };
		5A89852D17297DFB00D1D72D /* odf.h */ = {isa = PBXFileReference; fileEncoding = 4; lastKnownFileType = sourcecode.c.h; path = odf.h; sourceTree = "<group>"; };
		5ABBCFCA18442416005F519F /* rng.c */ = {isa = PBXFileReference; fileEncoding = 4; lastKnownFileType = sourcecode.c.c; path = rng.c; sourceTree = "<group>"; };
		5AD6CB091718CB560085E51D /* glib.h */ = {isa = PBXFileReference; lastKnownFileType = sourcecode.c.h; path = glib.h; sourceTree = "<group>"; };
		5AD6CB0A1718CB560085E51D /* GLibFacade.c */ = {isa = PBXFileReference; lastKnownFileType = sourcecode.c.c; path = GLibFacade.c; sourceTree = "<group>"; };
		5AD6CB0B1718CB560085E51D /* GLibFacade.h */ = {isa = PBXFileReference; lastKnownFileType = sourcecode.c.h; path = GLibFacade.h; sourceTree = "<group>"; };
		5AD6CB0C1718CB560085E51D /* parse_utilities.c */ = {isa = PBXFileReference; lastKnownFileType = sourcecode.c.c; path = parse_utilities.c; sourceTree = "<group>"; };
		5AD6CB0E1718CB560085E51D /* parser.h */ = {isa = PBXFileReference; lastKnownFileType = sourcecode.c.h; path = parser.h; sourceTree = "<group>"; };
		5AD6CB0F1718CB560085E51D /* parser.leg */ = {isa = PBXFileReference; lastKnownFileType = text; path = parser.leg; sourceTree = "<group>"; };
		5AD6CB211718CCD90085E51D /* parser.c */ = {isa = PBXFileReference; fileEncoding = 4; lastKnownFileType = sourcecode.c.c; path = parser.c; sourceTree = "<group>"; };
		5AE0694318515D1300DFFF33 /* rtf.c */ = {isa = PBXFileReference; fileEncoding = 4; lastKnownFileType = sourcecode.c.c; path = rtf.c; sourceTree = "<group>"; };
		5AE4484B1769F0EA0055DD27 /* multimarkdown.c */ = {isa = PBXFileReference; fileEncoding = 4; lastKnownFileType = sourcecode.c.c; path = multimarkdown.c; sourceTree = "<group>"; };
		5AE59DC5172A14D600401A65 /* multimarkdown */ = {isa = PBXFileReference; explicitFileType = "compiled.mach-o.executable"; includeInIndex = 0; path = multimarkdown; sourceTree = BUILT_PRODUCTS_DIR; };
/* End PBXFileReference section */

/* Begin PBXFrameworksBuildPhase section */
		5A60F8D4172C07D100EFBF5B /* Frameworks */ = {
			isa = PBXFrameworksBuildPhase;
			buildActionMask = 2147483647;
			files = (
			);
			runOnlyForDeploymentPostprocessing = 0;
		};
		5AE59DC0172A14D600401A65 /* Frameworks */ = {
			isa = PBXFrameworksBuildPhase;
			buildActionMask = 2147483647;
			files = (
			);
			runOnlyForDeploymentPostprocessing = 0;
		};
/* End PBXFrameworksBuildPhase section */

/* Begin PBXGroup section */
		5AD6CB021718CA910085E51D = {
			isa = PBXGroup;
			children = (
				5AE4484B1769F0EA0055DD27 /* multimarkdown.c */,
				5A60F8FF172C099100EFBF5B /* libMultiMarkdown.h */,
				5AD6CB091718CB560085E51D /* glib.h */,
				5AD6CB0A1718CB560085E51D /* GLibFacade.c */,
				5AD6CB0B1718CB560085E51D /* GLibFacade.h */,
				5AD6CB0C1718CB560085E51D /* parse_utilities.c */,
				5AD6CB0E1718CB560085E51D /* parser.h */,
				5AD6CB0F1718CB560085E51D /* parser.leg */,
				5A1D85901719B95900C6ADD3 /* text.c */,
				5A1D85911719B95900C6ADD3 /* text.h */,
				5A1D85921719B95900C6ADD3 /* writer.c */,
				5A1D85931719B95900C6ADD3 /* writer.h */,
				5A1D85961719BDC700C6ADD3 /* html.c */,
				5A1D85971719BDC700C6ADD3 /* html.h */,
				5A2534ED172768A8003D1A91 /* beamer.c */,
				5A2534EE172768A8003D1A91 /* beamer.h */,
				5A2534EF172768A8003D1A91 /* latex.c */,
				5A2534F0172768A8003D1A91 /* latex.h */,
				5A1FF041186A16D3002544C0 /* lyx.c */,
				5A1FF042186A16D3002544C0 /* lyx.h */,
				5A1FF046186A1724002544C0 /* lyxbeamer.c */,
				5A1FF047186A1724002544C0 /* lyxbeamer.h */,
				5A2534F1172768A8003D1A91 /* memoir.c */,
				5A2534F2172768A8003D1A91 /* memoir.h */,
				5A89852C17297DFB00D1D72D /* odf.c */,
				5A89852D17297DFB00D1D72D /* odf.h */,
				5A2534F3172768A8003D1A91 /* opml.c */,
				5A2534F4172768A8003D1A91 /* opml.h */,
				5A116B561734545700DB0DE6 /* critic.c */,
				5A116B571734545700DB0DE6 /* critic.h */,
				5AE0694318515D1300DFFF33 /* rtf.c */,
				5ABBCFCA18442416005F519F /* rng.c */,
				5A50A7551ADDFE600069AFD5 /* toc.c */,
				5A50A7561ADDFE600069AFD5 /* toc.h */,
				5A56E583186CE833004089C0 /* transclude.c */,
				5A56E584186CE833004089C0 /* transclude.h */,
				5AD6CB231718CCDE0085E51D /* Generated Files */,
				5AD6CB151718CB9A0085E51D /* Products */,
			);
			sourceTree = "<group>";
		};
		5AD6CB151718CB9A0085E51D /* Products */ = {
			isa = PBXGroup;
			children = (
				5AE59DC5172A14D600401A65 /* multimarkdown */,
				5A60F8D7172C07D100EFBF5B /* libMultiMarkdown.a */,
			);
			name = Products;
			sourceTree = "<group>";
		};
		5AD6CB231718CCDE0085E51D /* Generated Files */ = {
			isa = PBXGroup;
			children = (
				5AD6CB211718CCD90085E51D /* parser.c */,
			);
			name = "Generated Files";
			sourceTree = "<group>";
		};
/* End PBXGroup section */

/* Begin PBXHeadersBuildPhase section */
		5A60F8D5172C07D100EFBF5B /* Headers */ = {
			isa = PBXHeadersBuildPhase;
			buildActionMask = 2147483647;
			files = (
				5A1FF04A186A1724002544C0 /* lyxbeamer.h in Headers */,
				5A50A7591ADDFE600069AFD5 /* toc.h in Headers */,
				5A56E587186CE833004089C0 /* transclude.h in Headers */,
				5A1FF045186A16D3002544C0 /* lyx.h in Headers */,
			);
			runOnlyForDeploymentPostprocessing = 0;
		};
/* End PBXHeadersBuildPhase section */

/* Begin PBXLegacyTarget section */
		5A60F937172D80BC00EFBF5B /* greg */ = {
			isa = PBXLegacyTarget;
			buildArgumentsString = "$(ACTION)";
			buildConfigurationList = 5A60F938172D80BC00EFBF5B /* Build configuration list for PBXLegacyTarget "greg" */;
			buildPhases = (
			);
			buildToolPath = /usr/bin/make;
			buildWorkingDirectory = ./greg;
			dependencies = (
			);
			name = greg;
			passBuildSettingsInEnvironment = 1;
			productName = greg;
		};
/* End PBXLegacyTarget section */

/* Begin PBXNativeTarget section */
		5A60F8D6172C07D100EFBF5B /* MultiMarkdown */ = {
			isa = PBXNativeTarget;
			buildConfigurationList = 5A60F8D8172C07D100EFBF5B /* Build configuration list for PBXNativeTarget "MultiMarkdown" */;
			buildPhases = (
				5A60F8E6172C07F100EFBF5B /* Generate Parser */,
				5A60F8D3172C07D100EFBF5B /* Sources */,
				5A60F8D4172C07D100EFBF5B /* Frameworks */,
				5A60F8D5172C07D100EFBF5B /* Headers */,
			);
			buildRules = (
			);
			dependencies = (
				5A60F93C172D80D800EFBF5B /* PBXTargetDependency */,
			);
			name = MultiMarkdown;
			productName = MultiMarkdown;
			productReference = 5A60F8D7172C07D100EFBF5B /* libMultiMarkdown.a */;
			productType = "com.apple.product-type.library.static";
		};
		5AE59DB2172A14D600401A65 /* multimarkdown */ = {
			isa = PBXNativeTarget;
			buildConfigurationList = 5AE59DC2172A14D600401A65 /* Build configuration list for PBXNativeTarget "multimarkdown" */;
			buildPhases = (
				5AE59DB3172A14D600401A65 /* Generate Parser */,
				5AE59DB4172A14D600401A65 /* Sources */,
				5AE59DC0172A14D600401A65 /* Frameworks */,
				5AE59DC1172A14D600401A65 /* CopyFiles */,
			);
			buildRules = (
			);
			dependencies = (
				5A60F93E172D80DF00EFBF5B /* PBXTargetDependency */,
			);
			name = multimarkdown;
			productName = myparser;
			productReference = 5AE59DC5172A14D600401A65 /* multimarkdown */;
			productType = "com.apple.product-type.tool";
		};
/* End PBXNativeTarget section */

/* Begin PBXProject section */
		5AD6CB031718CA910085E51D /* Project object */ = {
			isa = PBXProject;
			attributes = {
				LastUpgradeCheck = 0460;
			};
			buildConfigurationList = 5AD6CB061718CA910085E51D /* Build configuration list for PBXProject "MultiMarkdown" */;
			compatibilityVersion = "Xcode 3.2";
			developmentRegion = English;
			hasScannedForEncodings = 0;
			knownRegions = (
				en,
			);
			mainGroup = 5AD6CB021718CA910085E51D;
			productRefGroup = 5AD6CB151718CB9A0085E51D /* Products */;
			projectDirPath = "";
			projectRoot = "";
			targets = (
				5AE59DB2172A14D600401A65 /* multimarkdown */,
				5A60F8D6172C07D100EFBF5B /* MultiMarkdown */,
				5A60F937172D80BC00EFBF5B /* greg */,
			);
		};
/* End PBXProject section */

/* Begin PBXShellScriptBuildPhase section */
		5A60F8E6172C07F100EFBF5B /* Generate Parser */ = {
			isa = PBXShellScriptBuildPhase;
			buildActionMask = 2147483647;
			files = (
			);
			inputPaths = (
			);
			name = "Generate Parser";
			outputPaths = (
			);
			runOnlyForDeploymentPostprocessing = 0;
			shellPath = /bin/sh;
			shellScript = "./greg/greg -o parser.c parser.leg";
		};
		5AE59DB3172A14D600401A65 /* Generate Parser */ = {
			isa = PBXShellScriptBuildPhase;
			buildActionMask = 2147483647;
			files = (
			);
			inputPaths = (
			);
			name = "Generate Parser";
			outputPaths = (
			);
			runOnlyForDeploymentPostprocessing = 0;
			shellPath = /bin/sh;
			shellScript = "./greg/greg -o parser.c parser.leg";
		};
/* End PBXShellScriptBuildPhase section */

/* Begin PBXSourcesBuildPhase section */
		5A60F8D3172C07D100EFBF5B /* Sources */ = {
			isa = PBXSourcesBuildPhase;
			buildActionMask = 2147483647;
			files = (
				5A60F8DB172C07E200EFBF5B /* GLibFacade.c in Sources */,
				5A56E586186CE833004089C0 /* transclude.c in Sources */,
				5A60F8DC172C07E200EFBF5B /* parse_utilities.c in Sources */,
				5A60F8DD172C07E200EFBF5B /* text.c in Sources */,
				5A60F8DE172C07E200EFBF5B /* writer.c in Sources */,
				5A60F8DF172C07E200EFBF5B /* html.c in Sources */,
				5A50A7581ADDFE600069AFD5 /* toc.c in Sources */,
				5A1FF049186A1724002544C0 /* lyxbeamer.c in Sources */,
				5A60F8E0172C07E200EFBF5B /* beamer.c in Sources */,
				5A1FF044186A16D3002544C0 /* lyx.c in Sources */,
				5A60F8E1172C07E200EFBF5B /* latex.c in Sources */,
				5ABBCFCC18442416005F519F /* rng.c in Sources */,
				5A60F8E2172C07E200EFBF5B /* memoir.c in Sources */,
				5A60F8E3172C07E200EFBF5B /* odf.c in Sources */,
				5A60F8E4172C07E200EFBF5B /* opml.c in Sources */,
				5A60F8E5172C07E200EFBF5B /* parser.c in Sources */,
				5AE0694518515D1300DFFF33 /* rtf.c in Sources */,
				5A116B591734545B00DB0DE6 /* critic.c in Sources */,
			);
			runOnlyForDeploymentPostprocessing = 0;
		};
		5AE59DB4172A14D600401A65 /* Sources */ = {
			isa = PBXSourcesBuildPhase;
			buildActionMask = 2147483647;
			files = (
				5A56E585186CE833004089C0 /* transclude.c in Sources */,
				5AE59DB5172A14D600401A65 /* GLibFacade.c in Sources */,
				5A1FF048186A1724002544C0 /* lyxbeamer.c in Sources */,
				5AE59DB7172A14D600401A65 /* parser.c in Sources */,
				5AE59DB8172A14D600401A65 /* text.c in Sources */,
				5A1FF043186A16D3002544C0 /* lyx.c in Sources */,
				5AE0694418515D1300DFFF33 /* rtf.c in Sources */,
				5AE59DB9172A14D600401A65 /* writer.c in Sources */,
				5AE59DBA172A14D600401A65 /* html.c in Sources */,
				5AE59DBB172A14D600401A65 /* beamer.c in Sources */,
				5AE59DBC172A14D600401A65 /* latex.c in Sources */,
				5AE59DBD172A14D600401A65 /* memoir.c in Sources */,
				5AE59DBE172A14D600401A65 /* opml.c in Sources */,
				5AE59DBF172A14D600401A65 /* odf.c in Sources */,
				5A60F8B4172BFE4700EFBF5B /* parse_utilities.c in Sources */,
				5A116B581734545700DB0DE6 /* critic.c in Sources */,
				5AE4484C1769F0EA0055DD27 /* multimarkdown.c in Sources */,
				5ABBCFCB18442416005F519F /* rng.c in Sources */,
				5A50A7571ADDFE600069AFD5 /* toc.c in Sources */,
			);
			runOnlyForDeploymentPostprocessing = 0;
		};
/* End PBXSourcesBuildPhase section */

/* Begin PBXTargetDependency section */
		5A60F93C172D80D800EFBF5B /* PBXTargetDependency */ = {
			isa = PBXTargetDependency;
			target = 5A60F937172D80BC00EFBF5B /* greg */;
			targetProxy = 5A60F93B172D80D800EFBF5B /* PBXContainerItemProxy */;
		};
		5A60F93E172D80DF00EFBF5B /* PBXTargetDependency */ = {
			isa = PBXTargetDependency;
			target = 5A60F937172D80BC00EFBF5B /* greg */;
			targetProxy = 5A60F93D172D80DF00EFBF5B /* PBXContainerItemProxy */;
		};
/* End PBXTargetDependency section */

/* Begin XCBuildConfiguration section */
		5A60F8D9172C07D100EFBF5B /* Debug */ = {
			isa = XCBuildConfiguration;
			buildSettings = {
				ALWAYS_SEARCH_USER_PATHS = YES;
				ARCHS = "$(ARCHS_STANDARD_64_BIT)";
				CLANG_CXX_LANGUAGE_STANDARD = "gnu++0x";
				CLANG_CXX_LIBRARY = "libc++";
				CLANG_ENABLE_OBJC_ARC = YES;
				CLANG_WARN_CONSTANT_CONVERSION = YES;
				CLANG_WARN_EMPTY_BODY = YES;
				CLANG_WARN_ENUM_CONVERSION = YES;
				CLANG_WARN_INT_CONVERSION = YES;
				CLANG_WARN__DUPLICATE_METHOD_MATCH = YES;
				COMBINE_HIDPI_IMAGES = YES;
				COPY_PHASE_STRIP = NO;
				EXECUTABLE_PREFIX = lib;
				FRAMEWORK_SEARCH_PATHS = "\"$(SRCROOT)\"";
				GCC_C_LANGUAGE_STANDARD = gnu99;
				GCC_DYNAMIC_NO_PIC = NO;
				GCC_ENABLE_OBJC_EXCEPTIONS = YES;
				GCC_OPTIMIZATION_LEVEL = 0;
				GCC_PREPROCESSOR_DEFINITIONS = (
					"DEBUG=1",
					"$(inherited)",
				);
				GCC_SYMBOLS_PRIVATE_EXTERN = NO;
				GCC_WARN_64_TO_32_BIT_CONVERSION = YES;
				GCC_WARN_ABOUT_RETURN_TYPE = YES;
				GCC_WARN_UNINITIALIZED_AUTOS = YES;
				GCC_WARN_UNUSED_VARIABLE = YES;
				HEADER_SEARCH_PATHS = "\"$(SRCROOT)\"";
				LIBRARY_SEARCH_PATHS = "\"$(SRCROOT)\"";
				MACOSX_DEPLOYMENT_TARGET = 10.7;
				ONLY_ACTIVE_ARCH = YES;
				OTHER_LDFLAGS = "-ObjC";
				PRODUCT_NAME = "$(TARGET_NAME)";
				SDKROOT = macosx;
				SKIP_INSTALL = YES;
			};
			name = Debug;
		};
		5A60F8DA172C07D100EFBF5B /* Release */ = {
			isa = XCBuildConfiguration;
			buildSettings = {
				ALWAYS_SEARCH_USER_PATHS = YES;
				ARCHS = "$(ARCHS_STANDARD_64_BIT)";
				CLANG_CXX_LANGUAGE_STANDARD = "gnu++0x";
				CLANG_CXX_LIBRARY = "libc++";
				CLANG_ENABLE_OBJC_ARC = YES;
				CLANG_WARN_CONSTANT_CONVERSION = YES;
				CLANG_WARN_EMPTY_BODY = YES;
				CLANG_WARN_ENUM_CONVERSION = YES;
				CLANG_WARN_INT_CONVERSION = YES;
				CLANG_WARN__DUPLICATE_METHOD_MATCH = YES;
				COMBINE_HIDPI_IMAGES = YES;
				COPY_PHASE_STRIP = YES;
				DEBUG_INFORMATION_FORMAT = "dwarf-with-dsym";
				EXECUTABLE_PREFIX = lib;
				FRAMEWORK_SEARCH_PATHS = "\"$(SRCROOT)\"";
				GCC_C_LANGUAGE_STANDARD = gnu99;
				GCC_ENABLE_OBJC_EXCEPTIONS = YES;
				GCC_PREPROCESSOR_DEFINITIONS = "";
				GCC_WARN_64_TO_32_BIT_CONVERSION = YES;
				GCC_WARN_ABOUT_RETURN_TYPE = YES;
				GCC_WARN_UNINITIALIZED_AUTOS = YES;
				GCC_WARN_UNUSED_VARIABLE = YES;
				HEADER_SEARCH_PATHS = "\"$(SRCROOT)\"";
				LIBRARY_SEARCH_PATHS = "\"$(SRCROOT)\"";
				MACOSX_DEPLOYMENT_TARGET = 10.7;
				OTHER_LDFLAGS = "-ObjC";
				PRODUCT_NAME = "$(TARGET_NAME)";
				SDKROOT = macosx;
				SKIP_INSTALL = YES;
			};
			name = Release;
		};
		5A60F939172D80BC00EFBF5B /* Debug */ = {
			isa = XCBuildConfiguration;
			buildSettings = {
				ALWAYS_SEARCH_USER_PATHS = NO;
				ARCHS = "$(ARCHS_STANDARD_64_BIT)";
				CLANG_CXX_LANGUAGE_STANDARD = "gnu++0x";
				CLANG_CXX_LIBRARY = "libc++";
				CLANG_WARN_CONSTANT_CONVERSION = YES;
				CLANG_WARN_EMPTY_BODY = YES;
				CLANG_WARN_ENUM_CONVERSION = YES;
				CLANG_WARN_INT_CONVERSION = YES;
				CLANG_WARN__DUPLICATE_METHOD_MATCH = YES;
				COMBINE_HIDPI_IMAGES = YES;
				COPY_PHASE_STRIP = NO;
				DEBUGGING_SYMBOLS = YES;
				GCC_C_LANGUAGE_STANDARD = gnu99;
				GCC_DYNAMIC_NO_PIC = NO;
				GCC_ENABLE_OBJC_EXCEPTIONS = YES;
				GCC_GENERATE_DEBUGGING_SYMBOLS = YES;
				GCC_OPTIMIZATION_LEVEL = 0;
				GCC_PREPROCESSOR_DEFINITIONS = (
					"DEBUG=1",
					"$(inherited)",
				);
				GCC_SYMBOLS_PRIVATE_EXTERN = NO;
				GCC_WARN_64_TO_32_BIT_CONVERSION = YES;
				GCC_WARN_ABOUT_RETURN_TYPE = YES;
				GCC_WARN_UNINITIALIZED_AUTOS = YES;
				GCC_WARN_UNUSED_VARIABLE = YES;
				MACOSX_DEPLOYMENT_TARGET = 10.7;
				ONLY_ACTIVE_ARCH = YES;
				OTHER_CFLAGS = "";
				OTHER_LDFLAGS = "";
				PRODUCT_NAME = "$(TARGET_NAME)";
				SDKROOT = macosx;
			};
			name = Debug;
		};
		5A60F93A172D80BC00EFBF5B /* Release */ = {
			isa = XCBuildConfiguration;
			buildSettings = {
				ALWAYS_SEARCH_USER_PATHS = NO;
				ARCHS = "$(ARCHS_STANDARD_64_BIT)";
				CLANG_CXX_LANGUAGE_STANDARD = "gnu++0x";
				CLANG_CXX_LIBRARY = "libc++";
				CLANG_WARN_CONSTANT_CONVERSION = YES;
				CLANG_WARN_EMPTY_BODY = YES;
				CLANG_WARN_ENUM_CONVERSION = YES;
				CLANG_WARN_INT_CONVERSION = YES;
				CLANG_WARN__DUPLICATE_METHOD_MATCH = YES;
				COMBINE_HIDPI_IMAGES = YES;
				COPY_PHASE_STRIP = YES;
				DEBUG_INFORMATION_FORMAT = "dwarf-with-dsym";
				GCC_C_LANGUAGE_STANDARD = gnu99;
				GCC_ENABLE_OBJC_EXCEPTIONS = YES;
				GCC_WARN_64_TO_32_BIT_CONVERSION = YES;
				GCC_WARN_ABOUT_RETURN_TYPE = YES;
				GCC_WARN_UNINITIALIZED_AUTOS = YES;
				GCC_WARN_UNUSED_VARIABLE = YES;
				MACOSX_DEPLOYMENT_TARGET = 10.7;
				OTHER_CFLAGS = "";
				OTHER_LDFLAGS = "";
				PRODUCT_NAME = "$(TARGET_NAME)";
				SDKROOT = macosx;
			};
			name = Release;
		};
		5AD6CB071718CA910085E51D /* Debug */ = {
			isa = XCBuildConfiguration;
			buildSettings = {
				MACOSX_DEPLOYMENT_TARGET = 10.7;
				VALID_ARCHS = "i386 x86_64 ppc";
			};
			name = Debug;
		};
		5AD6CB081718CA910085E51D /* Release */ = {
			isa = XCBuildConfiguration;
			buildSettings = {
				MACOSX_DEPLOYMENT_TARGET = 10.7;
				VALID_ARCHS = "i386 x86_64 ppc";
			};
			name = Release;
		};
		5AE59DC3172A14D600401A65 /* Debug */ = {
			isa = XCBuildConfiguration;
			buildSettings = {
				ALWAYS_SEARCH_USER_PATHS = NO;
				ARCHS = "$(NATIVE_ARCH_ACTUAL)";
				CLANG_CXX_LANGUAGE_STANDARD = "gnu++0x";
				CLANG_CXX_LIBRARY = "libc++";
				CLANG_WARN_CONSTANT_CONVERSION = YES;
				CLANG_WARN_EMPTY_BODY = YES;
				CLANG_WARN_ENUM_CONVERSION = YES;
				CLANG_WARN_INT_CONVERSION = YES;
				CLANG_WARN__DUPLICATE_METHOD_MATCH = YES;
				COPY_PHASE_STRIP = NO;
				GCC_C_LANGUAGE_STANDARD = gnu99;
				GCC_DYNAMIC_NO_PIC = NO;
				GCC_ENABLE_OBJC_EXCEPTIONS = YES;
				GCC_OPTIMIZATION_LEVEL = 0;
				GCC_PREPROCESSOR_DEFINITIONS = (
					"DEBUG=1",
					"$(inherited)",
				);
				GCC_SYMBOLS_PRIVATE_EXTERN = NO;
				GCC_WARN_64_TO_32_BIT_CONVERSION = YES;
				GCC_WARN_ABOUT_RETURN_TYPE = YES;
				GCC_WARN_UNINITIALIZED_AUTOS = YES;
				GCC_WARN_UNUSED_VARIABLE = YES;
				MACOSX_DEPLOYMENT_TARGET = 10.4;
				ONLY_ACTIVE_ARCH = YES;
				PRODUCT_NAME = multimarkdown;
				SDKROOT = macosx;
			};
			name = Debug;
		};
		5AE59DC4172A14D600401A65 /* Release */ = {
			isa = XCBuildConfiguration;
			buildSettings = {
				ALWAYS_SEARCH_USER_PATHS = NO;
				ARCHS = "$(ARCHS_STANDARD_32_64_BIT)";
				CLANG_CXX_LANGUAGE_STANDARD = "gnu++0x";
				CLANG_CXX_LIBRARY = "libc++";
				CLANG_WARN_CONSTANT_CONVERSION = YES;
				CLANG_WARN_EMPTY_BODY = YES;
				CLANG_WARN_ENUM_CONVERSION = YES;
				CLANG_WARN_INT_CONVERSION = YES;
				CLANG_WARN__DUPLICATE_METHOD_MATCH = YES;
				COPY_PHASE_STRIP = YES;
				DEBUG_INFORMATION_FORMAT = "dwarf-with-dsym";
				GCC_C_LANGUAGE_STANDARD = gnu99;
				GCC_ENABLE_OBJC_EXCEPTIONS = YES;
				GCC_OPTIMIZATION_LEVEL = 3;
				GCC_WARN_64_TO_32_BIT_CONVERSION = YES;
				GCC_WARN_ABOUT_RETURN_TYPE = YES;
				GCC_WARN_UNINITIALIZED_AUTOS = YES;
				GCC_WARN_UNUSED_VARIABLE = YES;
				MACOSX_DEPLOYMENT_TARGET = 10.4;
				PRODUCT_NAME = multimarkdown;
				SDKROOT = macosx;
			};
			name = Release;
		};
/* End XCBuildConfiguration section */

/* Begin XCConfigurationList section */
		5A60F8D8172C07D100EFBF5B /* Build configuration list for PBXNativeTarget "MultiMarkdown" */ = {
			isa = XCConfigurationList;
			buildConfigurations = (
				5A60F8D9172C07D100EFBF5B /* Debug */,
				5A60F8DA172C07D100EFBF5B /* Release */,
			);
			defaultConfigurationIsVisible = 0;
			defaultConfigurationName = Release;
		};
		5A60F938172D80BC00EFBF5B /* Build configuration list for PBXLegacyTarget "greg" */ = {
			isa = XCConfigurationList;
			buildConfigurations = (
				5A60F939172D80BC00EFBF5B /* Debug */,
				5A60F93A172D80BC00EFBF5B /* Release */,
			);
			defaultConfigurationIsVisible = 0;
			defaultConfigurationName = Release;
		};
		5AD6CB061718CA910085E51D /* Build configuration list for PBXProject "MultiMarkdown" */ = {
			isa = XCConfigurationList;
			buildConfigurations = (
				5AD6CB071718CA910085E51D /* Debug */,
				5AD6CB081718CA910085E51D /* Release */,
			);
			defaultConfigurationIsVisible = 0;
			defaultConfigurationName = Release;
		};
		5AE59DC2172A14D600401A65 /* Build configuration list for PBXNativeTarget "multimarkdown" */ = {
			isa = XCConfigurationList;
			buildConfigurations = (
				5AE59DC3172A14D600401A65 /* Debug */,
				5AE59DC4172A14D600401A65 /* Release */,
			);
			defaultConfigurationIsVisible = 0;
			defaultConfigurationName = Release;
		};
/* End XCConfigurationList section */
	};
	rootObject = 5AD6CB031718CA910085E51D /* Project object */;
}
